
Microsoft Visual Studio Solution File, Format Version 12.00
# Visual Studio 15
VisualStudioVersion = 15.0.27004.2010
MinimumVisualStudioVersion = 10.0.40219.1
Project("{FAE04EC0-301F-11D3-BF4B-00C04F79EFBC}") = "CrudAspMvc5Ng5", "CrudAspMvc5Ng5\CrudAspMvc5Ng5.csproj", "{A312631F-DE2B-4F35-BD0E-9F31AE40F2B8}"
EndProject
Global
	GlobalSection(SolutionConfigurationPlatforms) = preSolution
		Debug|Any CPU = Debug|Any CPU
		Release|Any CPU = Release|Any CPU
	EndGlobalSection
	GlobalSection(ProjectConfigurationPlatforms) = postSolution
		{A312631F-DE2B-4F35-BD0E-9F31AE40F2B8}.Debug|Any CPU.ActiveCfg = Debug|Any CPU
		{A312631F-DE2B-4F35-BD0E-9F31AE40F2B8}.Debug|Any CPU.Build.0 = Debug|Any CPU
		{A312631F-DE2B-4F35-BD0E-9F31AE40F2B8}.Release|Any CPU.ActiveCfg = Release|Any CPU
		{A312631F-DE2B-4F35-BD0E-9F31AE40F2B8}.Release|Any CPU.Build.0 = Release|Any CPU
	EndGlobalSection
	GlobalSection(SolutionProperties) = preSolution
		HideSolutionNode = FALSE
	EndGlobalSection
	GlobalSection(ExtensibilityGlobals) = postSolution
		SolutionGuid = {E2234A3F-584A-4742-8282-721812C1953E}
	EndGlobalSection
EndGlobal
